
Microsoft Visual Studio Solution File, Format Version 12.00
# Visual Studio Version 16
VisualStudioVersion = 16.0.30406.217
MinimumVisualStudioVersion = 10.0.40219.1
Project("{9A19103F-16F7-4668-BE54-9A1E7A4F7556}") = "RazorWebApplicationExample", "RazorWebApplicationExample\RazorWebApplicationExample.csproj", "{350C91BD-FE57-4DAD-9E7F-81D1C00B4EBD}"
EndProject
Project("{9A19103F-16F7-4668-BE54-9A1E7A4F7556}") = "MVCWebApplication", "MVCWebApplication\MVCWebApplication.csproj", "{40450859-AF33-481E-967C-972E711A2C2D}"
EndProject
Project("{9A19103F-16F7-4668-BE54-9A1E7A4F7556}") = "AngularWebApplication", "AngularWebApplication\AngularWebApplication.csproj", "{34BF46D2-7FC9-4EAB-84C2-8070B1BDA10B}"
EndProject
Project("{9A19103F-16F7-4668-BE54-9A1E7A4F7556}") = "WebAPIExample", "WebAPIExample\WebAPIExample.csproj", "{163BDF7B-ED34-4ADD-967C-54A84CE089A4}"
EndProject
Project("{9A19103F-16F7-4668-BE54-9A1E7A4F7556}") = "WebAPIExampleTests", "WebAPIExampleTests\WebAPIExampleTests.csproj", "{A7D70AE0-BFE9-46C8-8907-D97DF19B4F68}"
EndProject
Global
	GlobalSection(SolutionConfigurationPlatforms) = preSolution
		Debug|Any CPU = Debug|Any CPU
		Release|Any CPU = Release|Any CPU
	EndGlobalSection
	GlobalSection(ProjectConfigurationPlatforms) = postSolution
		{350C91BD-FE57-4DAD-9E7F-81D1C00B4EBD}.Debug|Any CPU.ActiveCfg = Debug|Any CPU
		{350C91BD-FE57-4DAD-9E7F-81D1C00B4EBD}.Debug|Any CPU.Build.0 = Debug|Any CPU
		{350C91BD-FE57-4DAD-9E7F-81D1C00B4EBD}.Release|Any CPU.ActiveCfg = Release|Any CPU
		{350C91BD-FE57-4DAD-9E7F-81D1C00B4EBD}.Release|Any CPU.Build.0 = Release|Any CPU
		{40450859-AF33-481E-967C-972E711A2C2D}.Debug|Any CPU.ActiveCfg = Debug|Any CPU
		{40450859-AF33-481E-967C-972E711A2C2D}.Debug|Any CPU.Build.0 = Debug|Any CPU
		{40450859-AF33-481E-967C-972E711A2C2D}.Release|Any CPU.ActiveCfg = Release|Any CPU
		{40450859-AF33-481E-967C-972E711A2C2D}.Release|Any CPU.Build.0 = Release|Any CPU
		{34BF46D2-7FC9-4EAB-84C2-8070B1BDA10B}.Debug|Any CPU.ActiveCfg = Debug|Any CPU
		{34BF46D2-7FC9-4EAB-84C2-8070B1BDA10B}.Debug|Any CPU.Build.0 = Debug|Any CPU
		{34BF46D2-7FC9-4EAB-84C2-8070B1BDA10B}.Release|Any CPU.ActiveCfg = Release|Any CPU
		{34BF46D2-7FC9-4EAB-84C2-8070B1BDA10B}.Release|Any CPU.Build.0 = Release|Any CPU
		{163BDF7B-ED34-4ADD-967C-54A84CE089A4}.Debug|Any CPU.ActiveCfg = Debug|Any CPU
		{163BDF7B-ED34-4ADD-967C-54A84CE089A4}.Debug|Any CPU.Build.0 = Debug|Any CPU
		{163BDF7B-ED34-4ADD-967C-54A84CE089A4}.Release|Any CPU.ActiveCfg = Release|Any CPU
		{163BDF7B-ED34-4ADD-967C-54A84CE089A4}.Release|Any CPU.Build.0 = Release|Any CPU
		{A7D70AE0-BFE9-46C8-8907-D97DF19B4F68}.Debug|Any CPU.ActiveCfg = Debug|Any CPU
		{A7D70AE0-BFE9-46C8-8907-D97DF19B4F68}.Debug|Any CPU.Build.0 = Debug|Any CPU
		{A7D70AE0-BFE9-46C8-8907-D97DF19B4F68}.Release|Any CPU.ActiveCfg = Release|Any CPU
		{A7D70AE0-BFE9-46C8-8907-D97DF19B4F68}.Release|Any CPU.Build.0 = Release|Any CPU
	EndGlobalSection
	GlobalSection(SolutionProperties) = preSolution
		HideSolutionNode = FALSE
	EndGlobalSection
	GlobalSection(ExtensibilityGlobals) = postSolution
		SolutionGuid = {62EED40B-9E28-4BB8-B3C9-7180CCC73E55}
	EndGlobalSection
EndGlobal
