
Microsoft Visual Studio Solution File, Format Version 12.00
# Visual Studio Version 16
VisualStudioVersion = 16.0.30406.217
MinimumVisualStudioVersion = 10.0.40219.1
Project("{9A19103F-16F7-4668-BE54-9A1E7A4F7556}") = "RazorWebApplicationExample", "RazorWebApplicationExample\RazorWebApplicationExample.csproj", "{350C91BD-FE57-4DAD-9E7F-81D1C00B4EBD}"
EndProject
Project("{9A19103F-16F7-4668-BE54-9A1E7A4F7556}") = "MVCWebApplication", "MVCWebApplication\MVCWebApplication.csproj", "{40450859-AF33-481E-967C-972E711A2C2D}"
EndProject
Project("{9A19103F-16F7-4668-BE54-9A1E7A4F7556}") = "AngularWebApplication", "AngularWebApplication\AngularWebApplication.csproj", "{34BF46D2-7FC9-4EAB-84C2-8070B1BDA10B}"
EndProject
Project("{9A19103F-16F7-4668-BE54-9A1E7A4F7556}") = "WebAPIExample", "WebAPIExample\WebAPIExample.csproj", "{163BDF7B-ED34-4ADD-967C-54A84CE089A4}"
EndProject
Project("{9A19103F-16F7-4668-BE54-9A1E7A4F7556}") = "WebAPIExampleTests", "WebAPIExampleTests\WebAPIExampleTests.csproj", "{A7D70AE0-BFE9-46C8-8907-D97DF19B4F68}"
EndProject
Project("{FAE04EC0-301F-11D3-BF4B-00C04F79EFBC}") = "EmployeeDeptWebApplication", "EmployeeDeptWebApplication\EmployeeDeptWebApplication.csproj", "{5DCB5F62-EA5A-4AF8-8C7A-0634058414C7}"
EndProject
Project("{FAE04EC0-301F-11D3-BF4B-00C04F79EFBC}") = "EmployeeDeptWebApplication.Models", "EmployeeDeptWebApplication.Models\EmployeeDeptWebApplication.Models.csproj", "{DB68A19C-D59A-4C48-A8A3-C74F66937425}"
EndProject
Project("{FAE04EC0-301F-11D3-BF4B-00C04F79EFBC}") = "EmployeeDeptWebApplication.Repositories", "EmployeeDeptWebApplication.Repositories\EmployeeDeptWebApplication.Repositories.csproj", "{7F421377-E5D0-4434-85AB-7FB2E8389AD8}"
EndProject
Project("{FAE04EC0-301F-11D3-BF4B-00C04F79EFBC}") = "EmployeeDeptWebApplication.Common", "EmployeeDeptWebApplication.Common\EmployeeDeptWebApplication.Common.csproj", "{92AFEB75-DFDE-4704-8660-C738A5BBD223}"
EndProject
Global
	GlobalSection(SolutionConfigurationPlatforms) = preSolution
		Debug|Any CPU = Debug|Any CPU
		Release|Any CPU = Release|Any CPU
	EndGlobalSection
	GlobalSection(ProjectConfigurationPlatforms) = postSolution
		{350C91BD-FE57-4DAD-9E7F-81D1C00B4EBD}.Debug|Any CPU.ActiveCfg = Debug|Any CPU
		{350C91BD-FE57-4DAD-9E7F-81D1C00B4EBD}.Debug|Any CPU.Build.0 = Debug|Any CPU
		{350C91BD-FE57-4DAD-9E7F-81D1C00B4EBD}.Release|Any CPU.ActiveCfg = Release|Any CPU
		{350C91BD-FE57-4DAD-9E7F-81D1C00B4EBD}.Release|Any CPU.Build.0 = Release|Any CPU
		{40450859-AF33-481E-967C-972E711A2C2D}.Debug|Any CPU.ActiveCfg = Debug|Any CPU
		{40450859-AF33-481E-967C-972E711A2C2D}.Debug|Any CPU.Build.0 = Debug|Any CPU
		{40450859-AF33-481E-967C-972E711A2C2D}.Release|Any CPU.ActiveCfg = Release|Any CPU
		{40450859-AF33-481E-967C-972E711A2C2D}.Release|Any CPU.Build.0 = Release|Any CPU
		{34BF46D2-7FC9-4EAB-84C2-8070B1BDA10B}.Debug|Any CPU.ActiveCfg = Debug|Any CPU
		{34BF46D2-7FC9-4EAB-84C2-8070B1BDA10B}.Debug|Any CPU.Build.0 = Debug|Any CPU
		{34BF46D2-7FC9-4EAB-84C2-8070B1BDA10B}.Release|Any CPU.ActiveCfg = Release|Any CPU
		{34BF46D2-7FC9-4EAB-84C2-8070B1BDA10B}.Release|Any CPU.Build.0 = Release|Any CPU
		{163BDF7B-ED34-4ADD-967C-54A84CE089A4}.Debug|Any CPU.ActiveCfg = Debug|Any CPU
		{163BDF7B-ED34-4ADD-967C-54A84CE089A4}.Debug|Any CPU.Build.0 = Debug|Any CPU
		{163BDF7B-ED34-4ADD-967C-54A84CE089A4}.Release|Any CPU.ActiveCfg = Release|Any CPU
		{163BDF7B-ED34-4ADD-967C-54A84CE089A4}.Release|Any CPU.Build.0 = Release|Any CPU
		{A7D70AE0-BFE9-46C8-8907-D97DF19B4F68}.Debug|Any CPU.ActiveCfg = Debug|Any CPU
		{A7D70AE0-BFE9-46C8-8907-D97DF19B4F68}.Debug|Any CPU.Build.0 = Debug|Any CPU
		{A7D70AE0-BFE9-46C8-8907-D97DF19B4F68}.Release|Any CPU.ActiveCfg = Release|Any CPU
		{A7D70AE0-BFE9-46C8-8907-D97DF19B4F68}.Release|Any CPU.Build.0 = Release|Any CPU
		{5DCB5F62-EA5A-4AF8-8C7A-0634058414C7}.Debug|Any CPU.ActiveCfg = Debug|Any CPU
		{5DCB5F62-EA5A-4AF8-8C7A-0634058414C7}.Debug|Any CPU.Build.0 = Debug|Any CPU
		{5DCB5F62-EA5A-4AF8-8C7A-0634058414C7}.Release|Any CPU.ActiveCfg = Release|Any CPU
		{5DCB5F62-EA5A-4AF8-8C7A-0634058414C7}.Release|Any CPU.Build.0 = Release|Any CPU
		{DB68A19C-D59A-4C48-A8A3-C74F66937425}.Debug|Any CPU.ActiveCfg = Debug|Any CPU
		{DB68A19C-D59A-4C48-A8A3-C74F66937425}.Debug|Any CPU.Build.0 = Debug|Any CPU
		{DB68A19C-D59A-4C48-A8A3-C74F66937425}.Release|Any CPU.ActiveCfg = Release|Any CPU
		{DB68A19C-D59A-4C48-A8A3-C74F66937425}.Release|Any CPU.Build.0 = Release|Any CPU
		{7F421377-E5D0-4434-85AB-7FB2E8389AD8}.Debug|Any CPU.ActiveCfg = Debug|Any CPU
		{7F421377-E5D0-4434-85AB-7FB2E8389AD8}.Debug|Any CPU.Build.0 = Debug|Any CPU
		{7F421377-E5D0-4434-85AB-7FB2E8389AD8}.Release|Any CPU.ActiveCfg = Release|Any CPU
		{7F421377-E5D0-4434-85AB-7FB2E8389AD8}.Release|Any CPU.Build.0 = Release|Any CPU
		{92AFEB75-DFDE-4704-8660-C738A5BBD223}.Debug|Any CPU.ActiveCfg = Debug|Any CPU
		{92AFEB75-DFDE-4704-8660-C738A5BBD223}.Debug|Any CPU.Build.0 = Debug|Any CPU
		{92AFEB75-DFDE-4704-8660-C738A5BBD223}.Release|Any CPU.ActiveCfg = Release|Any CPU
		{92AFEB75-DFDE-4704-8660-C738A5BBD223}.Release|Any CPU.Build.0 = Release|Any CPU
	EndGlobalSection
	GlobalSection(SolutionProperties) = preSolution
		HideSolutionNode = FALSE
	EndGlobalSection
	GlobalSection(ExtensibilityGlobals) = postSolution
		SolutionGuid = {62EED40B-9E28-4BB8-B3C9-7180CCC73E55}
	EndGlobalSection
EndGlobal
